
Microsoft Visual Studio Solution File, Format Version 12.00
# Visual Studio 15
VisualStudioVersion = 15.0.28307.1062
MinimumVisualStudioVersion = 10.0.40219.1
Project("{FAE04EC0-301F-11D3-BF4B-00C04F79EFBC}") = "Parallel Balls", "Parallel Balls\Parallel Balls.csproj", "{DAE7FA2A-540F-4818-93EA-7E36293A340C}"
EndProject
Global
	GlobalSection(SolutionConfigurationPlatforms) = preSolution
		Debug|Any CPU = Debug|Any CPU
		Release|Any CPU = Release|Any CPU
	EndGlobalSection
	GlobalSection(ProjectConfigurationPlatforms) = postSolution
		{DAE7FA2A-540F-4818-93EA-7E36293A340C}.Debug|Any CPU.ActiveCfg = Debug|Any CPU
		{DAE7FA2A-540F-4818-93EA-7E36293A340C}.Debug|Any CPU.Build.0 = Debug|Any CPU
		{DAE7FA2A-540F-4818-93EA-7E36293A340C}.Release|Any CPU.ActiveCfg = Release|Any CPU
		{DAE7FA2A-540F-4818-93EA-7E36293A340C}.Release|Any CPU.Build.0 = Release|Any CPU
	EndGlobalSection
	GlobalSection(SolutionProperties) = preSolution
		HideSolutionNode = FALSE
	EndGlobalSection
	GlobalSection(ExtensibilityGlobals) = postSolution
		SolutionGuid = {7DB69A66-9BCD-4C39-9EB3-D30506ED6E7D}
	EndGlobalSection
EndGlobal
